{
  "name": "cli-demo",
  "version": "1.0.0",
  "lockfileVersion": 2,
  "requires": true,
  "packages": {
    "": {
      "name": "cli-demo",
      "version": "1.0.0",
      "license": "ISC",
      "dependencies": {
        "commander": "^8.3.0",
        "yargs-parser": "^21.0.0"
      },
      "bin": {
        "cli-demo": "bin/cli.js"
      }
    },
    "node_modules/commander": {
      "version": "8.3.0",
      "resolved": "https://registry.npmjs.org/commander/-/commander-8.3.0.tgz",
      "integrity": "sha512-OkTL9umf+He2DZkUq8f8J9of7yL6RJKI24dVITBmNfZBmri9zYZQrKkuXiKhyfPSu8tUhnVBB1iKXevvnlR4Ww==",
      "engines": {
        "node": ">= 12"
      }
    },
    "node_modules/yargs-parser": {
      "version": "21.0.0",
      "resolved": "https://registry.npmjs.org/yargs-parser/-/yargs-parser-21.0.0.tgz",
      "integrity": "sha512-z9kApYUOCwoeZ78rfRYYWdiU/iNL6mwwYlkkZfJoyMR1xps+NEBX5X7XmRpxkZHhXJ6+Ey00IwKxBBSW9FIjyA==",
      "engines": {
        "node": ">=12"
      }
    }
  },
  "dependencies": {
    "commander": {
      "version": "8.3.0",
      "resolved": "https://registry.npmjs.org/commander/-/commander-8.3.0.tgz",
      "integrity": "sha512-OkTL9umf+He2DZkUq8f8J9of7yL6RJKI24dVITBmNfZBmri9zYZQrKkuXiKhyfPSu8tUhnVBB1iKXevvnlR4Ww=="
    },
    "yargs-parser": {
      "version": "21.0.0",
      "resolved": "https://registry.npmjs.org/yargs-parser/-/yargs-parser-21.0.0.tgz",
      "integrity": "sha512-z9kApYUOCwoeZ78rfRYYWdiU/iNL6mwwYlkkZfJoyMR1xps+NEBX5X7XmRpxkZHhXJ6+Ey00IwKxBBSW9FIjyA=="
    }
  }
}
